
Microsoft Visual Studio Solution File, Format Version 12.00
# Visual Studio 15
VisualStudioVersion = 15.0.28307.421
MinimumVisualStudioVersion = 10.0.40219.1
Project("{FAE04EC0-301F-11D3-BF4B-00C04F79EFBC}") = "EventHandler", "EventHandler\EventHandler.csproj", "{BF53B91D-12EE-4860-9E7E-AF71055D3435}"
EndProject
Global
	GlobalSection(SolutionConfigurationPlatforms) = preSolution
		Debug|Any CPU = Debug|Any CPU
		Release|Any CPU = Release|Any CPU
	EndGlobalSection
	GlobalSection(ProjectConfigurationPlatforms) = postSolution
		{BF53B91D-12EE-4860-9E7E-AF71055D3435}.Debug|Any CPU.ActiveCfg = Debug|Any CPU
		{BF53B91D-12EE-4860-9E7E-AF71055D3435}.Debug|Any CPU.Build.0 = Debug|Any CPU
		{BF53B91D-12EE-4860-9E7E-AF71055D3435}.Release|Any CPU.ActiveCfg = Release|Any CPU
		{BF53B91D-12EE-4860-9E7E-AF71055D3435}.Release|Any CPU.Build.0 = Release|Any CPU
	EndGlobalSection
	GlobalSection(SolutionProperties) = preSolution
		HideSolutionNode = FALSE
	EndGlobalSection
	GlobalSection(ExtensibilityGlobals) = postSolution
		SolutionGuid = {FEC4986F-24CD-41F2-BC26-C62D6B387D6E}
	EndGlobalSection
EndGlobal
